
Microsoft Visual Studio Solution File, Format Version 12.00
# Visual Studio 15
VisualStudioVersion = 15.0.28307.168
MinimumVisualStudioVersion = 10.0.40219.1
Project("{FAE04EC0-301F-11D3-BF4B-00C04F79EFBC}") = "FrameworkValidate", "FrameworkValidate\FrameworkValidate.csproj", "{1510C824-358E-4CF2-91A0-1102B138A689}"
EndProject
Global
	GlobalSection(SolutionConfigurationPlatforms) = preSolution
		Debug|Any CPU = Debug|Any CPU
		Release|Any CPU = Release|Any CPU
	EndGlobalSection
	GlobalSection(ProjectConfigurationPlatforms) = postSolution
		{1510C824-358E-4CF2-91A0-1102B138A689}.Debug|Any CPU.ActiveCfg = Debug|Any CPU
		{1510C824-358E-4CF2-91A0-1102B138A689}.Debug|Any CPU.Build.0 = Debug|Any CPU
		{1510C824-358E-4CF2-91A0-1102B138A689}.Release|Any CPU.ActiveCfg = Release|Any CPU
		{1510C824-358E-4CF2-91A0-1102B138A689}.Release|Any CPU.Build.0 = Release|Any CPU
	EndGlobalSection
	GlobalSection(SolutionProperties) = preSolution
		HideSolutionNode = FALSE
	EndGlobalSection
	GlobalSection(ExtensibilityGlobals) = postSolution
		SolutionGuid = {B11B291C-27F5-42A1-AECB-AC3C7337CDEE}
	EndGlobalSection
EndGlobal
